// !$*UTF8*$!
{
	archiveVersion = 1;
	classes = {
	};
	objectVersion = 55;
	objects = {

/* Begin PBXBuildFile section */
		9E357A5E2913B45F00C709FA /* ParkourTabView.swift in Sources */ = {isa = PBXBuildFile; fileRef = 9E357A5D2913B45F00C709FA /* ParkourTabView.swift */; };
		9E357A612913B4FC00C709FA /* ViewHandler.swift in Sources */ = {isa = PBXBuildFile; fileRef = 9E357A602913B4FC00C709FA /* ViewHandler.swift */; };
		9E357A642913F3CA00C709FA /* User.swift in Sources */ = {isa = PBXBuildFile; fileRef = 9E357A632913F3CA00C709FA /* User.swift */; };
		9E37FE9A2912B15A00090C51 /* RegisterView.swift in Sources */ = {isa = PBXBuildFile; fileRef = 9E37FE992912B15A00090C51 /* RegisterView.swift */; };
		9E37FE9E2912B17600090C51 /* RegisterViewModel.swift in Sources */ = {isa = PBXBuildFile; fileRef = 9E37FE9D2912B17600090C51 /* RegisterViewModel.swift */; };
		9E37FEA12912B47000090C51 /* CustomTextField.swift in Sources */ = {isa = PBXBuildFile; fileRef = 9E37FEA02912B47000090C51 /* CustomTextField.swift */; };
		9E37FEA42912C21C00090C51 /* CustomButton.swift in Sources */ = {isa = PBXBuildFile; fileRef = 9E37FEA32912C21C00090C51 /* CustomButton.swift */; };
		9E37FEA62912C24900090C51 /* ActivityIndicator.swift in Sources */ = {isa = PBXBuildFile; fileRef = 9E37FEA52912C24900090C51 /* ActivityIndicator.swift */; };
		9E6C5111290A763A002635A2 /* ParkourApp.swift in Sources */ = {isa = PBXBuildFile; fileRef = 9E6C5110290A763A002635A2 /* ParkourApp.swift */; };
		9E6C5113290A763A002635A2 /* ContentView.swift in Sources */ = {isa = PBXBuildFile; fileRef = 9E6C5112290A763A002635A2 /* ContentView.swift */; };
		9E6C5115290A763D002635A2 /* Assets.xcassets in Resources */ = {isa = PBXBuildFile; fileRef = 9E6C5114290A763D002635A2 /* Assets.xcassets */; };
		9E6C5118290A763D002635A2 /* Preview Assets.xcassets in Resources */ = {isa = PBXBuildFile; fileRef = 9E6C5117290A763D002635A2 /* Preview Assets.xcassets */; };
		9E6C5122290A763D002635A2 /* ParkourTests.swift in Sources */ = {isa = PBXBuildFile; fileRef = 9E6C5121290A763D002635A2 /* ParkourTests.swift */; };
		9E6C512C290A763D002635A2 /* ParkourUITests.swift in Sources */ = {isa = PBXBuildFile; fileRef = 9E6C512B290A763D002635A2 /* ParkourUITests.swift */; };
		9E6C512E290A763D002635A2 /* ParkourUITestsLaunchTests.swift in Sources */ = {isa = PBXBuildFile; fileRef = 9E6C512D290A763D002635A2 /* ParkourUITestsLaunchTests.swift */; };
		9E6C513E290A776A002635A2 /* Service.swift in Sources */ = {isa = PBXBuildFile; fileRef = 9E6C513D290A776A002635A2 /* Service.swift */; };
		9E6C5141290A9382002635A2 /* Spot.swift in Sources */ = {isa = PBXBuildFile; fileRef = 9E6C5140290A9382002635A2 /* Spot.swift */; };
		9E6C5148290A9896002635A2 /* CreateSpotViewModel.swift in Sources */ = {isa = PBXBuildFile; fileRef = 9E6C5147290A9896002635A2 /* CreateSpotViewModel.swift */; };
		9E6C514A290A98AD002635A2 /* CreateSpotView.swift in Sources */ = {isa = PBXBuildFile; fileRef = 9E6C5149290A98AD002635A2 /* CreateSpotView.swift */; };
		9E6C514D290A99D6002635A2 /* SpotListView.swift in Sources */ = {isa = PBXBuildFile; fileRef = 9E6C514C290A99D6002635A2 /* SpotListView.swift */; };
		9E6C514F290A99DF002635A2 /* SpotListViewModel.swift in Sources */ = {isa = PBXBuildFile; fileRef = 9E6C514E290A99DF002635A2 /* SpotListViewModel.swift */; };
		9E6C5152290AB0DB002635A2 /* ProfileViewModel.swift in Sources */ = {isa = PBXBuildFile; fileRef = 9E6C5151290AB0DB002635A2 /* ProfileViewModel.swift */; };
		9E6C5154290AB0E4002635A2 /* ProfileView.swift in Sources */ = {isa = PBXBuildFile; fileRef = 9E6C5153290AB0E4002635A2 /* ProfileView.swift */; };
		9E77E99129152DED00E73176 /* SpotDetailViewModel.swift in Sources */ = {isa = PBXBuildFile; fileRef = 9E77E99029152DED00E73176 /* SpotDetailViewModel.swift */; };
		9E77E99429152DFF00E73176 /* SpotDetailView.swift in Sources */ = {isa = PBXBuildFile; fileRef = 9E77E99329152DFF00E73176 /* SpotDetailView.swift */; };
		9E77E996291538F400E73176 /* UrlImage.swift in Sources */ = {isa = PBXBuildFile; fileRef = 9E77E995291538F400E73176 /* UrlImage.swift */; };
		9E77E9982915D03300E73176 /* ProfilePictureImageView.swift in Sources */ = {isa = PBXBuildFile; fileRef = 9E77E9972915D03300E73176 /* ProfilePictureImageView.swift */; };
		9E77E99A2916D9CF00E73176 /* Rating.swift in Sources */ = {isa = PBXBuildFile; fileRef = 9E77E9992916D9CF00E73176 /* Rating.swift */; };
		9EF25A762912681300048D85 /* ImagePicker.swift in Sources */ = {isa = PBXBuildFile; fileRef = 9EF25A752912681300048D85 /* ImagePicker.swift */; };
/* End PBXBuildFile section */

/* Begin PBXContainerItemProxy section */
		9E6C511E290A763D002635A2 /* PBXContainerItemProxy */ = {
			isa = PBXContainerItemProxy;
			containerPortal = 9E6C5105290A763A002635A2 /* Project object */;
			proxyType = 1;
			remoteGlobalIDString = 9E6C510C290A763A002635A2;
			remoteInfo = Parkour;
		};
		9E6C5128290A763D002635A2 /* PBXContainerItemProxy */ = {
			isa = PBXContainerItemProxy;
			containerPortal = 9E6C5105290A763A002635A2 /* Project object */;
			proxyType = 1;
			remoteGlobalIDString = 9E6C510C290A763A002635A2;
			remoteInfo = Parkour;
		};
/* End PBXContainerItemProxy section */

/* Begin PBXFileReference section */
		9E357A5D2913B45F00C709FA /* ParkourTabView.swift */ = {isa = PBXFileReference; lastKnownFileType = sourcecode.swift; path = ParkourTabView.swift; sourceTree = "<group>"; };
		9E357A602913B4FC00C709FA /* ViewHandler.swift */ = {isa = PBXFileReference; lastKnownFileType = sourcecode.swift; path = ViewHandler.swift; sourceTree = "<group>"; };
		9E357A632913F3CA00C709FA /* User.swift */ = {isa = PBXFileReference; lastKnownFileType = sourcecode.swift; path = User.swift; sourceTree = "<group>"; };
		9E37FE992912B15A00090C51 /* RegisterView.swift */ = {isa = PBXFileReference; lastKnownFileType = sourcecode.swift; path = RegisterView.swift; sourceTree = "<group>"; };
		9E37FE9D2912B17600090C51 /* RegisterViewModel.swift */ = {isa = PBXFileReference; lastKnownFileType = sourcecode.swift; path = RegisterViewModel.swift; sourceTree = "<group>"; };
		9E37FEA02912B47000090C51 /* CustomTextField.swift */ = {isa = PBXFileReference; lastKnownFileType = sourcecode.swift; path = CustomTextField.swift; sourceTree = "<group>"; };
		9E37FEA32912C21C00090C51 /* CustomButton.swift */ = {isa = PBXFileReference; lastKnownFileType = sourcecode.swift; path = CustomButton.swift; sourceTree = "<group>"; };
		9E37FEA52912C24900090C51 /* ActivityIndicator.swift */ = {isa = PBXFileReference; lastKnownFileType = sourcecode.swift; path = ActivityIndicator.swift; sourceTree = "<group>"; };
		9E6C510D290A763A002635A2 /* Parkour.app */ = {isa = PBXFileReference; explicitFileType = wrapper.application; includeInIndex = 0; path = Parkour.app; sourceTree = BUILT_PRODUCTS_DIR; };
		9E6C5110290A763A002635A2 /* ParkourApp.swift */ = {isa = PBXFileReference; lastKnownFileType = sourcecode.swift; path = ParkourApp.swift; sourceTree = "<group>"; };
		9E6C5112290A763A002635A2 /* ContentView.swift */ = {isa = PBXFileReference; lastKnownFileType = sourcecode.swift; path = ContentView.swift; sourceTree = "<group>"; };
		9E6C5114290A763D002635A2 /* Assets.xcassets */ = {isa = PBXFileReference; lastKnownFileType = folder.assetcatalog; path = Assets.xcassets; sourceTree = "<group>"; };
		9E6C5117290A763D002635A2 /* Preview Assets.xcassets */ = {isa = PBXFileReference; lastKnownFileType = folder.assetcatalog; path = "Preview Assets.xcassets"; sourceTree = "<group>"; };
		9E6C511D290A763D002635A2 /* ParkourTests.xctest */ = {isa = PBXFileReference; explicitFileType = wrapper.cfbundle; includeInIndex = 0; path = ParkourTests.xctest; sourceTree = BUILT_PRODUCTS_DIR; };
		9E6C5121290A763D002635A2 /* ParkourTests.swift */ = {isa = PBXFileReference; lastKnownFileType = sourcecode.swift; path = ParkourTests.swift; sourceTree = "<group>"; };
		9E6C5127290A763D002635A2 /* ParkourUITests.xctest */ = {isa = PBXFileReference; explicitFileType = wrapper.cfbundle; includeInIndex = 0; path = ParkourUITests.xctest; sourceTree = BUILT_PRODUCTS_DIR; };
		9E6C512B290A763D002635A2 /* ParkourUITests.swift */ = {isa = PBXFileReference; lastKnownFileType = sourcecode.swift; path = ParkourUITests.swift; sourceTree = "<group>"; };
		9E6C512D290A763D002635A2 /* ParkourUITestsLaunchTests.swift */ = {isa = PBXFileReference; lastKnownFileType = sourcecode.swift; path = ParkourUITestsLaunchTests.swift; sourceTree = "<group>"; };
		9E6C513D290A776A002635A2 /* Service.swift */ = {isa = PBXFileReference; lastKnownFileType = sourcecode.swift; path = Service.swift; sourceTree = "<group>"; };
		9E6C5140290A9382002635A2 /* Spot.swift */ = {isa = PBXFileReference; lastKnownFileType = sourcecode.swift; path = Spot.swift; sourceTree = "<group>"; };
		9E6C5147290A9896002635A2 /* CreateSpotViewModel.swift */ = {isa = PBXFileReference; lastKnownFileType = sourcecode.swift; path = CreateSpotViewModel.swift; sourceTree = "<group>"; };
		9E6C5149290A98AD002635A2 /* CreateSpotView.swift */ = {isa = PBXFileReference; lastKnownFileType = sourcecode.swift; path = CreateSpotView.swift; sourceTree = "<group>"; };
		9E6C514C290A99D6002635A2 /* SpotListView.swift */ = {isa = PBXFileReference; lastKnownFileType = sourcecode.swift; path = SpotListView.swift; sourceTree = "<group>"; };
		9E6C514E290A99DF002635A2 /* SpotListViewModel.swift */ = {isa = PBXFileReference; lastKnownFileType = sourcecode.swift; path = SpotListViewModel.swift; sourceTree = "<group>"; };
		9E6C5151290AB0DB002635A2 /* ProfileViewModel.swift */ = {isa = PBXFileReference; lastKnownFileType = sourcecode.swift; path = ProfileViewModel.swift; sourceTree = "<group>"; };
		9E6C5153290AB0E4002635A2 /* ProfileView.swift */ = {isa = PBXFileReference; lastKnownFileType = sourcecode.swift; path = ProfileView.swift; sourceTree = "<group>"; };
		9E77E99029152DED00E73176 /* SpotDetailViewModel.swift */ = {isa = PBXFileReference; lastKnownFileType = sourcecode.swift; path = SpotDetailViewModel.swift; sourceTree = "<group>"; };
		9E77E99329152DFF00E73176 /* SpotDetailView.swift */ = {isa = PBXFileReference; lastKnownFileType = sourcecode.swift; path = SpotDetailView.swift; sourceTree = "<group>"; };
		9E77E995291538F400E73176 /* UrlImage.swift */ = {isa = PBXFileReference; lastKnownFileType = sourcecode.swift; path = UrlImage.swift; sourceTree = "<group>"; };
		9E77E9972915D03300E73176 /* ProfilePictureImageView.swift */ = {isa = PBXFileReference; lastKnownFileType = sourcecode.swift; path = ProfilePictureImageView.swift; sourceTree = "<group>"; };
		9E77E9992916D9CF00E73176 /* Rating.swift */ = {isa = PBXFileReference; lastKnownFileType = sourcecode.swift; path = Rating.swift; sourceTree = "<group>"; };
		9EF25A752912681300048D85 /* ImagePicker.swift */ = {isa = PBXFileReference; lastKnownFileType = sourcecode.swift; path = ImagePicker.swift; sourceTree = "<group>"; };
		9EF25A7729126F0F00048D85 /* Info.plist */ = {isa = PBXFileReference; lastKnownFileType = text.plist; path = Info.plist; sourceTree = "<group>"; };
/* End PBXFileReference section */

/* Begin PBXFrameworksBuildPhase section */
		9E6C510A290A763A002635A2 /* Frameworks */ = {
			isa = PBXFrameworksBuildPhase;
			buildActionMask = 2147483647;
			files = (
			);
			runOnlyForDeploymentPostprocessing = 0;
		};
		9E6C511A290A763D002635A2 /* Frameworks */ = {
			isa = PBXFrameworksBuildPhase;
			buildActionMask = 2147483647;
			files = (
			);
			runOnlyForDeploymentPostprocessing = 0;
		};
		9E6C5124290A763D002635A2 /* Frameworks */ = {
			isa = PBXFrameworksBuildPhase;
			buildActionMask = 2147483647;
			files = (
			);
			runOnlyForDeploymentPostprocessing = 0;
		};
/* End PBXFrameworksBuildPhase section */

/* Begin PBXGroup section */
		9E357A5C2913B45100C709FA /* TabView */ = {
			isa = PBXGroup;
			children = (
				9E6C514B290A99C7002635A2 /* SpotList */,
				9E6C5150290AB0CC002635A2 /* Profile */,
				9E357A5D2913B45F00C709FA /* ParkourTabView.swift */,
			);
			path = TabView;
			sourceTree = "<group>";
		};
		9E357A5F2913B4BE00C709FA /* Views */ = {
			isa = PBXGroup;
			children = (
				9E37FE982912B14A00090C51 /* Register */,
				9E357A5C2913B45100C709FA /* TabView */,
			);
			path = Views;
			sourceTree = "<group>";
		};
		9E37FE982912B14A00090C51 /* Register */ = {
			isa = PBXGroup;
			children = (
				9E37FE992912B15A00090C51 /* RegisterView.swift */,
				9E37FE9D2912B17600090C51 /* RegisterViewModel.swift */,
			);
			path = Register;
			sourceTree = "<group>";
		};
		9E37FE9F2912B45300090C51 /* Custom */ = {
			isa = PBXGroup;
			children = (
				9EF25A74291267FF00048D85 /* ImagePicker */,
				9E37FEA02912B47000090C51 /* CustomTextField.swift */,
				9E37FEA32912C21C00090C51 /* CustomButton.swift */,
				9E37FEA52912C24900090C51 /* ActivityIndicator.swift */,
				9E77E995291538F400E73176 /* UrlImage.swift */,
				9E77E9972915D03300E73176 /* ProfilePictureImageView.swift */,
			);
			path = Custom;
			sourceTree = "<group>";
		};
		9E6C5104290A763A002635A2 = {
			isa = PBXGroup;
			children = (
				9E6C510F290A763A002635A2 /* Parkour */,
				9E6C5120290A763D002635A2 /* ParkourTests */,
				9E6C512A290A763D002635A2 /* ParkourUITests */,
				9E6C510E290A763A002635A2 /* Products */,
			);
			sourceTree = "<group>";
		};
		9E6C510E290A763A002635A2 /* Products */ = {
			isa = PBXGroup;
			children = (
				9E6C510D290A763A002635A2 /* Parkour.app */,
				9E6C511D290A763D002635A2 /* ParkourTests.xctest */,
				9E6C5127290A763D002635A2 /* ParkourUITests.xctest */,
			);
			name = Products;
			sourceTree = "<group>";
		};
		9E6C510F290A763A002635A2 /* Parkour */ = {
			isa = PBXGroup;
			children = (
				9E357A5F2913B4BE00C709FA /* Views */,
				9E37FE9F2912B45300090C51 /* Custom */,
				9EF25A7729126F0F00048D85 /* Info.plist */,
				9E6C513F290A936D002635A2 /* DataClasses */,
				9E6C513C290A775E002635A2 /* Service */,
				9E6C5110290A763A002635A2 /* ParkourApp.swift */,
				9E6C5112290A763A002635A2 /* ContentView.swift */,
				9E357A602913B4FC00C709FA /* ViewHandler.swift */,
				9E6C5114290A763D002635A2 /* Assets.xcassets */,
				9E6C5116290A763D002635A2 /* Preview Content */,
			);
			path = Parkour;
			sourceTree = "<group>";
		};
		9E6C5116290A763D002635A2 /* Preview Content */ = {
			isa = PBXGroup;
			children = (
				9E6C5117290A763D002635A2 /* Preview Assets.xcassets */,
			);
			path = "Preview Content";
			sourceTree = "<group>";
		};
		9E6C5120290A763D002635A2 /* ParkourTests */ = {
			isa = PBXGroup;
			children = (
				9E6C5121290A763D002635A2 /* ParkourTests.swift */,
			);
			path = ParkourTests;
			sourceTree = "<group>";
		};
		9E6C512A290A763D002635A2 /* ParkourUITests */ = {
			isa = PBXGroup;
			children = (
				9E6C512B290A763D002635A2 /* ParkourUITests.swift */,
				9E6C512D290A763D002635A2 /* ParkourUITestsLaunchTests.swift */,
			);
			path = ParkourUITests;
			sourceTree = "<group>";
		};
		9E6C513C290A775E002635A2 /* Service */ = {
			isa = PBXGroup;
			children = (
				9E6C513D290A776A002635A2 /* Service.swift */,
			);
			path = Service;
			sourceTree = "<group>";
		};
		9E6C513F290A936D002635A2 /* DataClasses */ = {
			isa = PBXGroup;
			children = (
				9E6C5140290A9382002635A2 /* Spot.swift */,
				9E357A632913F3CA00C709FA /* User.swift */,
				9E77E9992916D9CF00E73176 /* Rating.swift */,
			);
			path = DataClasses;
			sourceTree = "<group>";
		};
		9E6C5144290A986D002635A2 /* CreateSpot */ = {
			isa = PBXGroup;
			children = (
				9E6C5147290A9896002635A2 /* CreateSpotViewModel.swift */,
				9E6C5149290A98AD002635A2 /* CreateSpotView.swift */,
			);
			path = CreateSpot;
			sourceTree = "<group>";
		};
		9E6C514B290A99C7002635A2 /* SpotList */ = {
			isa = PBXGroup;
			children = (
				9E6C5144290A986D002635A2 /* CreateSpot */,
				9E6C514C290A99D6002635A2 /* SpotListView.swift */,
				9E6C514E290A99DF002635A2 /* SpotListViewModel.swift */,
			);
			path = SpotList;
			sourceTree = "<group>";
		};
		9E6C5150290AB0CC002635A2 /* Profile */ = {
			isa = PBXGroup;
			children = (
				9E77E98F29152DDF00E73176 /* SpotDetail */,
				9E6C5151290AB0DB002635A2 /* ProfileViewModel.swift */,
				9E6C5153290AB0E4002635A2 /* ProfileView.swift */,
			);
			path = Profile;
			sourceTree = "<group>";
		};
		9E77E98F29152DDF00E73176 /* SpotDetail */ = {
			isa = PBXGroup;
			children = (
				9E77E99029152DED00E73176 /* SpotDetailViewModel.swift */,
				9E77E99329152DFF00E73176 /* SpotDetailView.swift */,
			);
			path = SpotDetail;
			sourceTree = "<group>";
		};
		9EF25A74291267FF00048D85 /* ImagePicker */ = {
			isa = PBXGroup;
			children = (
				9EF25A752912681300048D85 /* ImagePicker.swift */,
			);
			path = ImagePicker;
			sourceTree = "<group>";
		};
/* End PBXGroup section */

/* Begin PBXNativeTarget section */
		9E6C510C290A763A002635A2 /* Parkour */ = {
			isa = PBXNativeTarget;
			buildConfigurationList = 9E6C5131290A763D002635A2 /* Build configuration list for PBXNativeTarget "Parkour" */;
			buildPhases = (
				9E6C5109290A763A002635A2 /* Sources */,
				9E6C510A290A763A002635A2 /* Frameworks */,
				9E6C510B290A763A002635A2 /* Resources */,
			);
			buildRules = (
			);
			dependencies = (
			);
			name = Parkour;
			productName = Parkour;
			productReference = 9E6C510D290A763A002635A2 /* Parkour.app */;
			productType = "com.apple.product-type.application";
		};
		9E6C511C290A763D002635A2 /* ParkourTests */ = {
			isa = PBXNativeTarget;
			buildConfigurationList = 9E6C5134290A763D002635A2 /* Build configuration list for PBXNativeTarget "ParkourTests" */;
			buildPhases = (
				9E6C5119290A763D002635A2 /* Sources */,
				9E6C511A290A763D002635A2 /* Frameworks */,
				9E6C511B290A763D002635A2 /* Resources */,
			);
			buildRules = (
			);
			dependencies = (
				9E6C511F290A763D002635A2 /* PBXTargetDependency */,
			);
			name = ParkourTests;
			productName = ParkourTests;
			productReference = 9E6C511D290A763D002635A2 /* ParkourTests.xctest */;
			productType = "com.apple.product-type.bundle.unit-test";
		};
		9E6C5126290A763D002635A2 /* ParkourUITests */ = {
			isa = PBXNativeTarget;
			buildConfigurationList = 9E6C5137290A763D002635A2 /* Build configuration list for PBXNativeTarget "ParkourUITests" */;
			buildPhases = (
				9E6C5123290A763D002635A2 /* Sources */,
				9E6C5124290A763D002635A2 /* Frameworks */,
				9E6C5125290A763D002635A2 /* Resources */,
			);
			buildRules = (
			);
			dependencies = (
				9E6C5129290A763D002635A2 /* PBXTargetDependency */,
			);
			name = ParkourUITests;
			productName = ParkourUITests;
			productReference = 9E6C5127290A763D002635A2 /* ParkourUITests.xctest */;
			productType = "com.apple.product-type.bundle.ui-testing";
		};
/* End PBXNativeTarget section */

/* Begin PBXProject section */
		9E6C5105290A763A002635A2 /* Project object */ = {
			isa = PBXProject;
			attributes = {
				BuildIndependentTargetsInParallel = 1;
				LastSwiftUpdateCheck = 1340;
				LastUpgradeCheck = 1340;
				TargetAttributes = {
					9E6C510C290A763A002635A2 = {
						CreatedOnToolsVersion = 13.4.1;
					};
					9E6C511C290A763D002635A2 = {
						CreatedOnToolsVersion = 13.4.1;
						TestTargetID = 9E6C510C290A763A002635A2;
					};
					9E6C5126290A763D002635A2 = {
						CreatedOnToolsVersion = 13.4.1;
						TestTargetID = 9E6C510C290A763A002635A2;
					};
				};
			};
			buildConfigurationList = 9E6C5108290A763A002635A2 /* Build configuration list for PBXProject "Parkour" */;
			compatibilityVersion = "Xcode 13.0";
			developmentRegion = en;
			hasScannedForEncodings = 0;
			knownRegions = (
				en,
				Base,
			);
			mainGroup = 9E6C5104290A763A002635A2;
			productRefGroup = 9E6C510E290A763A002635A2 /* Products */;
			projectDirPath = "";
			projectRoot = "";
			targets = (
				9E6C510C290A763A002635A2 /* Parkour */,
				9E6C511C290A763D002635A2 /* ParkourTests */,
				9E6C5126290A763D002635A2 /* ParkourUITests */,
			);
		};
/* End PBXProject section */

/* Begin PBXResourcesBuildPhase section */
		9E6C510B290A763A002635A2 /* Resources */ = {
			isa = PBXResourcesBuildPhase;
			buildActionMask = 2147483647;
			files = (
				9E6C5118290A763D002635A2 /* Preview Assets.xcassets in Resources */,
				9E6C5115290A763D002635A2 /* Assets.xcassets in Resources */,
			);
			runOnlyForDeploymentPostprocessing = 0;
		};
		9E6C511B290A763D002635A2 /* Resources */ = {
			isa = PBXResourcesBuildPhase;
			buildActionMask = 2147483647;
			files = (
			);
			runOnlyForDeploymentPostprocessing = 0;
		};
		9E6C5125290A763D002635A2 /* Resources */ = {
			isa = PBXResourcesBuildPhase;
			buildActionMask = 2147483647;
			files = (
			);
			runOnlyForDeploymentPostprocessing = 0;
		};
/* End PBXResourcesBuildPhase section */

/* Begin PBXSourcesBuildPhase section */
		9E6C5109290A763A002635A2 /* Sources */ = {
			isa = PBXSourcesBuildPhase;
			buildActionMask = 2147483647;
			files = (
				9E37FEA12912B47000090C51 /* CustomTextField.swift in Sources */,
				9E77E99129152DED00E73176 /* SpotDetailViewModel.swift in Sources */,
				9E6C514F290A99DF002635A2 /* SpotListViewModel.swift in Sources */,
				9E6C5148290A9896002635A2 /* CreateSpotViewModel.swift in Sources */,
				9E6C5154290AB0E4002635A2 /* ProfileView.swift in Sources */,
				9E6C5113290A763A002635A2 /* ContentView.swift in Sources */,
				9E6C5152290AB0DB002635A2 /* ProfileViewModel.swift in Sources */,
				9E6C514D290A99D6002635A2 /* SpotListView.swift in Sources */,
				9E6C5111290A763A002635A2 /* ParkourApp.swift in Sources */,
				9EF25A762912681300048D85 /* ImagePicker.swift in Sources */,
				9E37FE9E2912B17600090C51 /* RegisterViewModel.swift in Sources */,
				9E6C513E290A776A002635A2 /* Service.swift in Sources */,
				9E77E99A2916D9CF00E73176 /* Rating.swift in Sources */,
				9E37FE9A2912B15A00090C51 /* RegisterView.swift in Sources */,
				9E37FEA62912C24900090C51 /* ActivityIndicator.swift in Sources */,
				9E77E9982915D03300E73176 /* ProfilePictureImageView.swift in Sources */,
				9E6C514A290A98AD002635A2 /* CreateSpotView.swift in Sources */,
				9E357A612913B4FC00C709FA /* ViewHandler.swift in Sources */,
				9E357A5E2913B45F00C709FA /* ParkourTabView.swift in Sources */,
				9E77E996291538F400E73176 /* UrlImage.swift in Sources */,
				9E6C5141290A9382002635A2 /* Spot.swift in Sources */,
				9E77E99429152DFF00E73176 /* SpotDetailView.swift in Sources */,
				9E37FEA42912C21C00090C51 /* CustomButton.swift in Sources */,
				9E357A642913F3CA00C709FA /* User.swift in Sources */,
			);
			runOnlyForDeploymentPostprocessing = 0;
		};
		9E6C5119290A763D002635A2 /* Sources */ = {
			isa = PBXSourcesBuildPhase;
			buildActionMask = 2147483647;
			files = (
				9E6C5122290A763D002635A2 /* ParkourTests.swift in Sources */,
			);
			runOnlyForDeploymentPostprocessing = 0;
		};
		9E6C5123290A763D002635A2 /* Sources */ = {
			isa = PBXSourcesBuildPhase;
			buildActionMask = 2147483647;
			files = (
				9E6C512C290A763D002635A2 /* ParkourUITests.swift in Sources */,
				9E6C512E290A763D002635A2 /* ParkourUITestsLaunchTests.swift in Sources */,
			);
			runOnlyForDeploymentPostprocessing = 0;
		};
/* End PBXSourcesBuildPhase section */

/* Begin PBXTargetDependency section */
		9E6C511F290A763D002635A2 /* PBXTargetDependency */ = {
			isa = PBXTargetDependency;
			target = 9E6C510C290A763A002635A2 /* Parkour */;
			targetProxy = 9E6C511E290A763D002635A2 /* PBXContainerItemProxy */;
		};
		9E6C5129290A763D002635A2 /* PBXTargetDependency */ = {
			isa = PBXTargetDependency;
			target = 9E6C510C290A763A002635A2 /* Parkour */;
			targetProxy = 9E6C5128290A763D002635A2 /* PBXContainerItemProxy */;
		};
/* End PBXTargetDependency section */

/* Begin XCBuildConfiguration section */
		9E6C512F290A763D002635A2 /* Debug */ = {
			isa = XCBuildConfiguration;
			buildSettings = {
				ALWAYS_SEARCH_USER_PATHS = NO;
				CLANG_ANALYZER_NONNULL = YES;
				CLANG_ANALYZER_NUMBER_OBJECT_CONVERSION = YES_AGGRESSIVE;
				CLANG_CXX_LANGUAGE_STANDARD = "gnu++17";
				CLANG_ENABLE_MODULES = YES;
				CLANG_ENABLE_OBJC_ARC = YES;
				CLANG_ENABLE_OBJC_WEAK = YES;
				CLANG_WARN_BLOCK_CAPTURE_AUTORELEASING = YES;
				CLANG_WARN_BOOL_CONVERSION = YES;
				CLANG_WARN_COMMA = YES;
				CLANG_WARN_CONSTANT_CONVERSION = YES;
				CLANG_WARN_DEPRECATED_OBJC_IMPLEMENTATIONS = YES;
				CLANG_WARN_DIRECT_OBJC_ISA_USAGE = YES_ERROR;
				CLANG_WARN_DOCUMENTATION_COMMENTS = YES;
				CLANG_WARN_EMPTY_BODY = YES;
				CLANG_WARN_ENUM_CONVERSION = YES;
				CLANG_WARN_INFINITE_RECURSION = YES;
				CLANG_WARN_INT_CONVERSION = YES;
				CLANG_WARN_NON_LITERAL_NULL_CONVERSION = YES;
				CLANG_WARN_OBJC_IMPLICIT_RETAIN_SELF = YES;
				CLANG_WARN_OBJC_LITERAL_CONVERSION = YES;
				CLANG_WARN_OBJC_ROOT_CLASS = YES_ERROR;
				CLANG_WARN_QUOTED_INCLUDE_IN_FRAMEWORK_HEADER = YES;
				CLANG_WARN_RANGE_LOOP_ANALYSIS = YES;
				CLANG_WARN_STRICT_PROTOTYPES = YES;
				CLANG_WARN_SUSPICIOUS_MOVE = YES;
				CLANG_WARN_UNGUARDED_AVAILABILITY = YES_AGGRESSIVE;
				CLANG_WARN_UNREACHABLE_CODE = YES;
				CLANG_WARN__DUPLICATE_METHOD_MATCH = YES;
				COPY_PHASE_STRIP = NO;
				DEBUG_INFORMATION_FORMAT = dwarf;
				ENABLE_STRICT_OBJC_MSGSEND = YES;
				ENABLE_TESTABILITY = YES;
				GCC_C_LANGUAGE_STANDARD = gnu11;
				GCC_DYNAMIC_NO_PIC = NO;
				GCC_NO_COMMON_BLOCKS = YES;
				GCC_OPTIMIZATION_LEVEL = 0;
				GCC_PREPROCESSOR_DEFINITIONS = (
					"DEBUG=1",
					"$(inherited)",
				);
				GCC_WARN_64_TO_32_BIT_CONVERSION = YES;
				GCC_WARN_ABOUT_RETURN_TYPE = YES_ERROR;
				GCC_WARN_UNDECLARED_SELECTOR = YES;
				GCC_WARN_UNINITIALIZED_AUTOS = YES_AGGRESSIVE;
				GCC_WARN_UNUSED_FUNCTION = YES;
				GCC_WARN_UNUSED_VARIABLE = YES;
				IPHONEOS_DEPLOYMENT_TARGET = 15.5;
				MTL_ENABLE_DEBUG_INFO = INCLUDE_SOURCE;
				MTL_FAST_MATH = YES;
				ONLY_ACTIVE_ARCH = YES;
				SDKROOT = iphoneos;
				SWIFT_ACTIVE_COMPILATION_CONDITIONS = DEBUG;
				SWIFT_OPTIMIZATION_LEVEL = "-Onone";
			};
			name = Debug;
		};
		9E6C5130290A763D002635A2 /* Release */ = {
			isa = XCBuildConfiguration;
			buildSettings = {
				ALWAYS_SEARCH_USER_PATHS = NO;
				CLANG_ANALYZER_NONNULL = YES;
				CLANG_ANALYZER_NUMBER_OBJECT_CONVERSION = YES_AGGRESSIVE;
				CLANG_CXX_LANGUAGE_STANDARD = "gnu++17";
				CLANG_ENABLE_MODULES = YES;
				CLANG_ENABLE_OBJC_ARC = YES;
				CLANG_ENABLE_OBJC_WEAK = YES;
				CLANG_WARN_BLOCK_CAPTURE_AUTORELEASING = YES;
				CLANG_WARN_BOOL_CONVERSION = YES;
				CLANG_WARN_COMMA = YES;
				CLANG_WARN_CONSTANT_CONVERSION = YES;
				CLANG_WARN_DEPRECATED_OBJC_IMPLEMENTATIONS = YES;
				CLANG_WARN_DIRECT_OBJC_ISA_USAGE = YES_ERROR;
				CLANG_WARN_DOCUMENTATION_COMMENTS = YES;
				CLANG_WARN_EMPTY_BODY = YES;
				CLANG_WARN_ENUM_CONVERSION = YES;
				CLANG_WARN_INFINITE_RECURSION = YES;
				CLANG_WARN_INT_CONVERSION = YES;
				CLANG_WARN_NON_LITERAL_NULL_CONVERSION = YES;
				CLANG_WARN_OBJC_IMPLICIT_RETAIN_SELF = YES;
				CLANG_WARN_OBJC_LITERAL_CONVERSION = YES;
				CLANG_WARN_OBJC_ROOT_CLASS = YES_ERROR;
				CLANG_WARN_QUOTED_INCLUDE_IN_FRAMEWORK_HEADER = YES;
				CLANG_WARN_RANGE_LOOP_ANALYSIS = YES;
				CLANG_WARN_STRICT_PROTOTYPES = YES;
				CLANG_WARN_SUSPICIOUS_MOVE = YES;
				CLANG_WARN_UNGUARDED_AVAILABILITY = YES_AGGRESSIVE;
				CLANG_WARN_UNREACHABLE_CODE = YES;
				CLANG_WARN__DUPLICATE_METHOD_MATCH = YES;
				COPY_PHASE_STRIP = NO;
				DEBUG_INFORMATION_FORMAT = "dwarf-with-dsym";
				ENABLE_NS_ASSERTIONS = NO;
				ENABLE_STRICT_OBJC_MSGSEND = YES;
				GCC_C_LANGUAGE_STANDARD = gnu11;
				GCC_NO_COMMON_BLOCKS = YES;
				GCC_WARN_64_TO_32_BIT_CONVERSION = YES;
				GCC_WARN_ABOUT_RETURN_TYPE = YES_ERROR;
				GCC_WARN_UNDECLARED_SELECTOR = YES;
				GCC_WARN_UNINITIALIZED_AUTOS = YES_AGGRESSIVE;
				GCC_WARN_UNUSED_FUNCTION = YES;
				GCC_WARN_UNUSED_VARIABLE = YES;
				IPHONEOS_DEPLOYMENT_TARGET = 15.5;
				MTL_ENABLE_DEBUG_INFO = NO;
				MTL_FAST_MATH = YES;
				SDKROOT = iphoneos;
				SWIFT_COMPILATION_MODE = wholemodule;
				SWIFT_OPTIMIZATION_LEVEL = "-O";
				VALIDATE_PRODUCT = YES;
			};
			name = Release;
		};
		9E6C5132290A763D002635A2 /* Debug */ = {
			isa = XCBuildConfiguration;
			buildSettings = {
				ASSETCATALOG_COMPILER_APPICON_NAME = AppIcon;
				ASSETCATALOG_COMPILER_GLOBAL_ACCENT_COLOR_NAME = AccentColor;
				CODE_SIGN_STYLE = Automatic;
				CURRENT_PROJECT_VERSION = 1;
				DEVELOPMENT_ASSET_PATHS = "\"Parkour/Preview Content\"";
				DEVELOPMENT_TEAM = NTXAU62J76;
				ENABLE_PREVIEWS = YES;
				GENERATE_INFOPLIST_FILE = YES;
				INFOPLIST_FILE = Parkour/Info.plist;
				INFOPLIST_KEY_NSCameraUsageDescription = "This app requires usage of camera to function property";
				INFOPLIST_KEY_NSLocationWhenInUseUsageDescription = "needed for creating spots";
				INFOPLIST_KEY_UIApplicationSceneManifest_Generation = YES;
				INFOPLIST_KEY_UIApplicationSupportsIndirectInputEvents = YES;
				INFOPLIST_KEY_UILaunchScreen_Generation = YES;
				INFOPLIST_KEY_UISupportedInterfaceOrientations_iPad = "UIInterfaceOrientationPortrait UIInterfaceOrientationPortraitUpsideDown UIInterfaceOrientationLandscapeLeft UIInterfaceOrientationLandscapeRight";
				INFOPLIST_KEY_UISupportedInterfaceOrientations_iPhone = "UIInterfaceOrientationPortrait UIInterfaceOrientationLandscapeLeft UIInterfaceOrientationLandscapeRight";
				IPHONEOS_DEPLOYMENT_TARGET = 16.0;
				LD_RUNPATH_SEARCH_PATHS = (
					"$(inherited)",
					"@executable_path/Frameworks",
				);
				MARKETING_VERSION = 1.0;
				PRODUCT_BUNDLE_IDENTIFIER = at.sebastianApps.Parkour;
				PRODUCT_NAME = "$(TARGET_NAME)";
				SWIFT_EMIT_LOC_STRINGS = YES;
				SWIFT_VERSION = 5.0;
				TARGETED_DEVICE_FAMILY = "1,2";
			};
			name = Debug;
		};
		9E6C5133290A763D002635A2 /* Release */ = {
			isa = XCBuildConfiguration;
			buildSettings = {
				ASSETCATALOG_COMPILER_APPICON_NAME = AppIcon;
				ASSETCATALOG_COMPILER_GLOBAL_ACCENT_COLOR_NAME = AccentColor;
				CODE_SIGN_STYLE = Automatic;
				CURRENT_PROJECT_VERSION = 1;
				DEVELOPMENT_ASSET_PATHS = "\"Parkour/Preview Content\"";
				DEVELOPMENT_TEAM = NTXAU62J76;
				ENABLE_PREVIEWS = YES;
				GENERATE_INFOPLIST_FILE = YES;
				INFOPLIST_FILE = Parkour/Info.plist;
				INFOPLIST_KEY_NSCameraUsageDescription = "This app requires usage of camera to function property";
				INFOPLIST_KEY_NSLocationWhenInUseUsageDescription = "needed for creating spots";
				INFOPLIST_KEY_UIApplicationSceneManifest_Generation = YES;
				INFOPLIST_KEY_UIApplicationSupportsIndirectInputEvents = YES;
				INFOPLIST_KEY_UILaunchScreen_Generation = YES;
				INFOPLIST_KEY_UISupportedInterfaceOrientations_iPad = "UIInterfaceOrientationPortrait UIInterfaceOrientationPortraitUpsideDown UIInterfaceOrientationLandscapeLeft UIInterfaceOrientationLandscapeRight";
				INFOPLIST_KEY_UISupportedInterfaceOrientations_iPhone = "UIInterfaceOrientationPortrait UIInterfaceOrientationLandscapeLeft UIInterfaceOrientationLandscapeRight";
				IPHONEOS_DEPLOYMENT_TARGET = 16.0;
				LD_RUNPATH_SEARCH_PATHS = (
					"$(inherited)",
					"@executable_path/Frameworks",
				);
				MARKETING_VERSION = 1.0;
				PRODUCT_BUNDLE_IDENTIFIER = at.sebastianApps.Parkour;
				PRODUCT_NAME = "$(TARGET_NAME)";
				SWIFT_EMIT_LOC_STRINGS = YES;
				SWIFT_VERSION = 5.0;
				TARGETED_DEVICE_FAMILY = "1,2";
			};
			name = Release;
		};
		9E6C5135290A763D002635A2 /* Debug */ = {
			isa = XCBuildConfiguration;
			buildSettings = {
				ALWAYS_EMBED_SWIFT_STANDARD_LIBRARIES = YES;
				BUNDLE_LOADER = "$(TEST_HOST)";
				CODE_SIGN_STYLE = Automatic;
				CURRENT_PROJECT_VERSION = 1;
				GENERATE_INFOPLIST_FILE = YES;
				IPHONEOS_DEPLOYMENT_TARGET = 15.5;
				MARKETING_VERSION = 1.0;
				PRODUCT_BUNDLE_IDENTIFIER = at.sebastianApps.ParkourTests;
				PRODUCT_NAME = "$(TARGET_NAME)";
				SWIFT_EMIT_LOC_STRINGS = NO;
				SWIFT_VERSION = 5.0;
				TARGETED_DEVICE_FAMILY = "1,2";
				TEST_HOST = "$(BUILT_PRODUCTS_DIR)/Parkour.app/Parkour";
			};
			name = Debug;
		};
		9E6C5136290A763D002635A2 /* Release */ = {
			isa = XCBuildConfiguration;
			buildSettings = {
				ALWAYS_EMBED_SWIFT_STANDARD_LIBRARIES = YES;
				BUNDLE_LOADER = "$(TEST_HOST)";
				CODE_SIGN_STYLE = Automatic;
				CURRENT_PROJECT_VERSION = 1;
				GENERATE_INFOPLIST_FILE = YES;
				IPHONEOS_DEPLOYMENT_TARGET = 15.5;
				MARKETING_VERSION = 1.0;
				PRODUCT_BUNDLE_IDENTIFIER = at.sebastianApps.ParkourTests;
				PRODUCT_NAME = "$(TARGET_NAME)";
				SWIFT_EMIT_LOC_STRINGS = NO;
				SWIFT_VERSION = 5.0;
				TARGETED_DEVICE_FAMILY = "1,2";
				TEST_HOST = "$(BUILT_PRODUCTS_DIR)/Parkour.app/Parkour";
			};
			name = Release;
		};
		9E6C5138290A763D002635A2 /* Debug */ = {
			isa = XCBuildConfiguration;
			buildSettings = {
				ALWAYS_EMBED_SWIFT_STANDARD_LIBRARIES = YES;
				CODE_SIGN_STYLE = Automatic;
				CURRENT_PROJECT_VERSION = 1;
				GENERATE_INFOPLIST_FILE = YES;
				MARKETING_VERSION = 1.0;
				PRODUCT_BUNDLE_IDENTIFIER = at.sebastianApps.ParkourUITests;
				PRODUCT_NAME = "$(TARGET_NAME)";
				SWIFT_EMIT_LOC_STRINGS = NO;
				SWIFT_VERSION = 5.0;
				TARGETED_DEVICE_FAMILY = "1,2";
				TEST_TARGET_NAME = Parkour;
			};
			name = Debug;
		};
		9E6C5139290A763D002635A2 /* Release */ = {
			isa = XCBuildConfiguration;
			buildSettings = {
				ALWAYS_EMBED_SWIFT_STANDARD_LIBRARIES = YES;
				CODE_SIGN_STYLE = Automatic;
				CURRENT_PROJECT_VERSION = 1;
				GENERATE_INFOPLIST_FILE = YES;
				MARKETING_VERSION = 1.0;
				PRODUCT_BUNDLE_IDENTIFIER = at.sebastianApps.ParkourUITests;
				PRODUCT_NAME = "$(TARGET_NAME)";
				SWIFT_EMIT_LOC_STRINGS = NO;
				SWIFT_VERSION = 5.0;
				TARGETED_DEVICE_FAMILY = "1,2";
				TEST_TARGET_NAME = Parkour;
			};
			name = Release;
		};
/* End XCBuildConfiguration section */

/* Begin XCConfigurationList section */
		9E6C5108290A763A002635A2 /* Build configuration list for PBXProject "Parkour" */ = {
			isa = XCConfigurationList;
			buildConfigurations = (
				9E6C512F290A763D002635A2 /* Debug */,
				9E6C5130290A763D002635A2 /* Release */,
			);
			defaultConfigurationIsVisible = 0;
			defaultConfigurationName = Release;
		};
		9E6C5131290A763D002635A2 /* Build configuration list for PBXNativeTarget "Parkour" */ = {
			isa = XCConfigurationList;
			buildConfigurations = (
				9E6C5132290A763D002635A2 /* Debug */,
				9E6C5133290A763D002635A2 /* Release */,
			);
			defaultConfigurationIsVisible = 0;
			defaultConfigurationName = Release;
		};
		9E6C5134290A763D002635A2 /* Build configuration list for PBXNativeTarget "ParkourTests" */ = {
			isa = XCConfigurationList;
			buildConfigurations = (
				9E6C5135290A763D002635A2 /* Debug */,
				9E6C5136290A763D002635A2 /* Release */,
			);
			defaultConfigurationIsVisible = 0;
			defaultConfigurationName = Release;
		};
		9E6C5137290A763D002635A2 /* Build configuration list for PBXNativeTarget "ParkourUITests" */ = {
			isa = XCConfigurationList;
			buildConfigurations = (
				9E6C5138290A763D002635A2 /* Debug */,
				9E6C5139290A763D002635A2 /* Release */,
			);
			defaultConfigurationIsVisible = 0;
			defaultConfigurationName = Release;
		};
/* End XCConfigurationList section */
	};
	rootObject = 9E6C5105290A763A002635A2 /* Project object */;
}
